
Microsoft Visual Studio Solution File, Format Version 12.00
# Visual Studio Version 17
VisualStudioVersion = 17.0.32014.148
MinimumVisualStudioVersion = 10.0.40219.1
Project("{8BC9CEB8-8B4A-11D0-8D11-00A0C91BC942}") = "MathLab", "MathLab\MathLab.vcxproj", "{4290B5D0-AC49-4847-A830-65AF030B2FA2}"
EndProject
Global
	GlobalSection(SolutionConfigurationPlatforms) = preSolution
		Debug|x64 = Debug|x64
		Debug|x86 = Debug|x86
		Release|x64 = Release|x64
		Release|x86 = Release|x86
	EndGlobalSection
	GlobalSection(ProjectConfigurationPlatforms) = postSolution
		{4290B5D0-AC49-4847-A830-65AF030B2FA2}.Debug|x64.ActiveCfg = Debug|x64
		{4290B5D0-AC49-4847-A830-65AF030B2FA2}.Debug|x64.Build.0 = Debug|x64
		{4290B5D0-AC49-4847-A830-65AF030B2FA2}.Debug|x86.ActiveCfg = Debug|Win32
		{4290B5D0-AC49-4847-A830-65AF030B2FA2}.Debug|x86.Build.0 = Debug|Win32
		{4290B5D0-AC49-4847-A830-65AF030B2FA2}.Release|x64.ActiveCfg = Release|x64
		{4290B5D0-AC49-4847-A830-65AF030B2FA2}.Release|x64.Build.0 = Release|x64
		{4290B5D0-AC49-4847-A830-65AF030B2FA2}.Release|x86.ActiveCfg = Release|Win32
		{4290B5D0-AC49-4847-A830-65AF030B2FA2}.Release|x86.Build.0 = Release|Win32
	EndGlobalSection
	GlobalSection(SolutionProperties) = preSolution
		HideSolutionNode = FALSE
	EndGlobalSection
	GlobalSection(ExtensibilityGlobals) = postSolution
		SolutionGuid = {93D98968-1066-46F4-8BEC-3CA7A4C44A7B}
	EndGlobalSection
EndGlobal
